
Microsoft Visual Studio Solution File, Format Version 12.00
# Visual Studio Version 17
VisualStudioVersion = 17.4.33213.308
MinimumVisualStudioVersion = 10.0.40219.1
Project("{FAE04EC0-301F-11D3-BF4B-00C04F79EFBC}") = "CardAPI", "CardAPI\CardAPI.csproj", "{D90AEF7E-8C7F-49FD-B181-6EAF67856489}"
EndProject
Project("{FAE04EC0-301F-11D3-BF4B-00C04F79EFBC}") = "DB", "DB\DB.csproj", "{05D04484-74C1-4084-BFEF-BF2EE226594C}"
EndProject
Global
	GlobalSection(SolutionConfigurationPlatforms) = preSolution
		Debug|Any CPU = Debug|Any CPU
		Release|Any CPU = Release|Any CPU
	EndGlobalSection
	GlobalSection(ProjectConfigurationPlatforms) = postSolution
		{D90AEF7E-8C7F-49FD-B181-6EAF67856489}.Debug|Any CPU.ActiveCfg = Debug|Any CPU
		{D90AEF7E-8C7F-49FD-B181-6EAF67856489}.Debug|Any CPU.Build.0 = Debug|Any CPU
		{D90AEF7E-8C7F-49FD-B181-6EAF67856489}.Release|Any CPU.ActiveCfg = Release|Any CPU
		{D90AEF7E-8C7F-49FD-B181-6EAF67856489}.Release|Any CPU.Build.0 = Release|Any CPU
		{05D04484-74C1-4084-BFEF-BF2EE226594C}.Debug|Any CPU.ActiveCfg = Debug|Any CPU
		{05D04484-74C1-4084-BFEF-BF2EE226594C}.Debug|Any CPU.Build.0 = Debug|Any CPU
		{05D04484-74C1-4084-BFEF-BF2EE226594C}.Release|Any CPU.ActiveCfg = Release|Any CPU
		{05D04484-74C1-4084-BFEF-BF2EE226594C}.Release|Any CPU.Build.0 = Release|Any CPU
	EndGlobalSection
	GlobalSection(SolutionProperties) = preSolution
		HideSolutionNode = FALSE
	EndGlobalSection
	GlobalSection(ExtensibilityGlobals) = postSolution
		SolutionGuid = {1DB6EC0A-6AAE-4937-BD19-8D1C3BE5A0B1}
	EndGlobalSection
EndGlobal
