
Microsoft Visual Studio Solution File, Format Version 12.00
# Visual Studio Version 17
VisualStudioVersion = 17.4.33213.308
MinimumVisualStudioVersion = 10.0.40219.1
Project("{FAE04EC0-301F-11D3-BF4B-00C04F79EFBC}") = "WebApi", "WebApi\WebApi.csproj", "{5A58497A-181C-4218-B4D8-164E562777D1}"
EndProject
Project("{FAE04EC0-301F-11D3-BF4B-00C04F79EFBC}") = "DB", "DB\DB.csproj", "{CC98F936-1476-4317-9C13-5624602C51B8}"
EndProject
Global
	GlobalSection(SolutionConfigurationPlatforms) = preSolution
		Debug|Any CPU = Debug|Any CPU
		Release|Any CPU = Release|Any CPU
	EndGlobalSection
	GlobalSection(ProjectConfigurationPlatforms) = postSolution
		{5A58497A-181C-4218-B4D8-164E562777D1}.Debug|Any CPU.ActiveCfg = Debug|Any CPU
		{5A58497A-181C-4218-B4D8-164E562777D1}.Debug|Any CPU.Build.0 = Debug|Any CPU
		{5A58497A-181C-4218-B4D8-164E562777D1}.Release|Any CPU.ActiveCfg = Release|Any CPU
		{5A58497A-181C-4218-B4D8-164E562777D1}.Release|Any CPU.Build.0 = Release|Any CPU
		{CC98F936-1476-4317-9C13-5624602C51B8}.Debug|Any CPU.ActiveCfg = Debug|Any CPU
		{CC98F936-1476-4317-9C13-5624602C51B8}.Debug|Any CPU.Build.0 = Debug|Any CPU
		{CC98F936-1476-4317-9C13-5624602C51B8}.Release|Any CPU.ActiveCfg = Release|Any CPU
		{CC98F936-1476-4317-9C13-5624602C51B8}.Release|Any CPU.Build.0 = Release|Any CPU
	EndGlobalSection
	GlobalSection(SolutionProperties) = preSolution
		HideSolutionNode = FALSE
	EndGlobalSection
	GlobalSection(ExtensibilityGlobals) = postSolution
		SolutionGuid = {0A060626-74DD-4237-B512-A6180475A9B6}
	EndGlobalSection
EndGlobal
